
Microsoft Visual Studio Solution File, Format Version 11.00
# Visual Studio 2010
Project("{FAE04EC0-301F-11D3-BF4B-00C04F79EFBC}") = "PLP-App", "PLP-App\PLP-App.csproj", "{2316CCF9-A215-4F61-A6DF-DF73DFAE80C4}"
EndProject
Project("{FAE04EC0-301F-11D3-BF4B-00C04F79EFBC}") = "PLP-Lib", "PLP-Lib\PLP-Lib.csproj", "{8B266998-D0EE-4399-B6C9-FB672AFFED22}"
EndProject
Global
	GlobalSection(SolutionConfigurationPlatforms) = preSolution
		Debug|iPhoneSimulator = Debug|iPhoneSimulator
		Release|iPhoneSimulator = Release|iPhoneSimulator
		Debug|iPhone = Debug|iPhone
		Release|iPhone = Release|iPhone
		Ad-Hoc|iPhone = Ad-Hoc|iPhone
		AppStore|iPhone = AppStore|iPhone
	EndGlobalSection
	GlobalSection(ProjectConfigurationPlatforms) = postSolution
		{2316CCF9-A215-4F61-A6DF-DF73DFAE80C4}.Ad-Hoc|iPhone.ActiveCfg = Ad-Hoc|iPhone
		{2316CCF9-A215-4F61-A6DF-DF73DFAE80C4}.Ad-Hoc|iPhone.Build.0 = Ad-Hoc|iPhone
		{2316CCF9-A215-4F61-A6DF-DF73DFAE80C4}.AppStore|iPhone.ActiveCfg = AppStore|iPhone
		{2316CCF9-A215-4F61-A6DF-DF73DFAE80C4}.AppStore|iPhone.Build.0 = AppStore|iPhone
		{2316CCF9-A215-4F61-A6DF-DF73DFAE80C4}.Debug|iPhone.ActiveCfg = Debug|iPhone
		{2316CCF9-A215-4F61-A6DF-DF73DFAE80C4}.Debug|iPhone.Build.0 = Debug|iPhone
		{2316CCF9-A215-4F61-A6DF-DF73DFAE80C4}.Debug|iPhoneSimulator.ActiveCfg = Debug|iPhoneSimulator
		{2316CCF9-A215-4F61-A6DF-DF73DFAE80C4}.Debug|iPhoneSimulator.Build.0 = Debug|iPhoneSimulator
		{2316CCF9-A215-4F61-A6DF-DF73DFAE80C4}.Release|iPhone.ActiveCfg = Release|iPhone
		{2316CCF9-A215-4F61-A6DF-DF73DFAE80C4}.Release|iPhone.Build.0 = Release|iPhone
		{2316CCF9-A215-4F61-A6DF-DF73DFAE80C4}.Release|iPhoneSimulator.ActiveCfg = Release|iPhoneSimulator
		{2316CCF9-A215-4F61-A6DF-DF73DFAE80C4}.Release|iPhoneSimulator.Build.0 = Release|iPhoneSimulator
		{8B266998-D0EE-4399-B6C9-FB672AFFED22}.Ad-Hoc|iPhone.ActiveCfg = Debug|Any CPU
		{8B266998-D0EE-4399-B6C9-FB672AFFED22}.Ad-Hoc|iPhone.Build.0 = Debug|Any CPU
		{8B266998-D0EE-4399-B6C9-FB672AFFED22}.AppStore|iPhone.ActiveCfg = Debug|Any CPU
		{8B266998-D0EE-4399-B6C9-FB672AFFED22}.AppStore|iPhone.Build.0 = Debug|Any CPU
		{8B266998-D0EE-4399-B6C9-FB672AFFED22}.Debug|iPhone.ActiveCfg = Debug|Any CPU
		{8B266998-D0EE-4399-B6C9-FB672AFFED22}.Debug|iPhone.Build.0 = Debug|Any CPU
		{8B266998-D0EE-4399-B6C9-FB672AFFED22}.Debug|iPhoneSimulator.ActiveCfg = Debug|Any CPU
		{8B266998-D0EE-4399-B6C9-FB672AFFED22}.Debug|iPhoneSimulator.Build.0 = Debug|Any CPU
		{8B266998-D0EE-4399-B6C9-FB672AFFED22}.Release|iPhone.ActiveCfg = Release|Any CPU
		{8B266998-D0EE-4399-B6C9-FB672AFFED22}.Release|iPhone.Build.0 = Release|Any CPU
		{8B266998-D0EE-4399-B6C9-FB672AFFED22}.Release|iPhoneSimulator.ActiveCfg = Release|Any CPU
		{8B266998-D0EE-4399-B6C9-FB672AFFED22}.Release|iPhoneSimulator.Build.0 = Release|Any CPU
	EndGlobalSection
	GlobalSection(MonoDevelopProperties) = preSolution
		StartupItem = PLP-App\PLP-App.csproj
	EndGlobalSection
EndGlobal
